// !$*UTF8*$!
{
	archiveVersion = 1;
	classes = {
	};
	objectVersion = 46;
	objects = {

/* Begin PBXBuildFile section */
		7103547F18A3ECEB00AAAE7E /* GSPCourseViewController.m in Sources */ = {isa = PBXBuildFile; fileRef = 7103547E18A3ECEB00AAAE7E /* GSPCourseViewController.m */; };
		7103548218A3F9F800AAAE7E /* GSPStudentsViewController.m in Sources */ = {isa = PBXBuildFile; fileRef = 7103548118A3F9F800AAAE7E /* GSPStudentsViewController.m */; };
		7103548518A3FE6000AAAE7E /* GSPNewStudentViewController.m in Sources */ = {isa = PBXBuildFile; fileRef = 7103548418A3FE6000AAAE7E /* GSPNewStudentViewController.m */; };
		717B4DE418A28BD00069E770 /* Foundation.framework in Frameworks */ = {isa = PBXBuildFile; fileRef = 717B4DE318A28BD00069E770 /* Foundation.framework */; };
		717B4DE618A28BD00069E770 /* CoreGraphics.framework in Frameworks */ = {isa = PBXBuildFile; fileRef = 717B4DE518A28BD00069E770 /* CoreGraphics.framework */; };
		717B4DE818A28BD00069E770 /* UIKit.framework in Frameworks */ = {isa = PBXBuildFile; fileRef = 717B4DE718A28BD00069E770 /* UIKit.framework */; };
		717B4DEA18A28BD00069E770 /* CoreData.framework in Frameworks */ = {isa = PBXBuildFile; fileRef = 717B4DE918A28BD00069E770 /* CoreData.framework */; };
		717B4DF018A28BD00069E770 /* InfoPlist.strings in Resources */ = {isa = PBXBuildFile; fileRef = 717B4DEE18A28BD00069E770 /* InfoPlist.strings */; };
		717B4DF218A28BD00069E770 /* main.m in Sources */ = {isa = PBXBuildFile; fileRef = 717B4DF118A28BD00069E770 /* main.m */; };
		717B4DF618A28BD00069E770 /* GSPAppDelegate.m in Sources */ = {isa = PBXBuildFile; fileRef = 717B4DF518A28BD00069E770 /* GSPAppDelegate.m */; };
		717B4DF918A28BD00069E770 /* Main.storyboard in Resources */ = {isa = PBXBuildFile; fileRef = 717B4DF718A28BD00069E770 /* Main.storyboard */; };
		717B4DFC18A28BD00069E770 /* Gradesnap.xcdatamodeld in Sources */ = {isa = PBXBuildFile; fileRef = 717B4DFA18A28BD00069E770 /* Gradesnap.xcdatamodeld */; };
		717B4E0418A28BD00069E770 /* Images.xcassets in Resources */ = {isa = PBXBuildFile; fileRef = 717B4E0318A28BD00069E770 /* Images.xcassets */; };
		717B4E0B18A28BD00069E770 /* XCTest.framework in Frameworks */ = {isa = PBXBuildFile; fileRef = 717B4E0A18A28BD00069E770 /* XCTest.framework */; };
		717B4E0C18A28BD00069E770 /* Foundation.framework in Frameworks */ = {isa = PBXBuildFile; fileRef = 717B4DE318A28BD00069E770 /* Foundation.framework */; };
		717B4E0D18A28BD00069E770 /* UIKit.framework in Frameworks */ = {isa = PBXBuildFile; fileRef = 717B4DE718A28BD00069E770 /* UIKit.framework */; };
		717B4E0E18A28BD00069E770 /* CoreData.framework in Frameworks */ = {isa = PBXBuildFile; fileRef = 717B4DE918A28BD00069E770 /* CoreData.framework */; };
		717B4E1618A28BD00069E770 /* InfoPlist.strings in Resources */ = {isa = PBXBuildFile; fileRef = 717B4E1418A28BD00069E770 /* InfoPlist.strings */; };
		717B4E1818A28BD00069E770 /* GradesnapTests.m in Sources */ = {isa = PBXBuildFile; fileRef = 717B4E1718A28BD00069E770 /* GradesnapTests.m */; };
		717B4E2318A298D30069E770 /* Course.m in Sources */ = {isa = PBXBuildFile; fileRef = 717B4E2218A298D30069E770 /* Course.m */; };
		717B4E2618A298E20069E770 /* Student.m in Sources */ = {isa = PBXBuildFile; fileRef = 717B4E2518A298E20069E770 /* Student.m */; };
		717B4E2918A2990F0069E770 /* Assignment.m in Sources */ = {isa = PBXBuildFile; fileRef = 717B4E2818A2990F0069E770 /* Assignment.m */; };
		717B4E2C18A299AD0069E770 /* AssignmentStudent.m in Sources */ = {isa = PBXBuildFile; fileRef = 717B4E2B18A299AD0069E770 /* AssignmentStudent.m */; };
		717B4E2F18A29B1C0069E770 /* GSPMasterViewController.m in Sources */ = {isa = PBXBuildFile; fileRef = 717B4E2E18A29B1C0069E770 /* GSPMasterViewController.m */; };
		717B4E3218A29E220069E770 /* GSPNewCourseViewController.m in Sources */ = {isa = PBXBuildFile; fileRef = 717B4E3118A29E220069E770 /* GSPNewCourseViewController.m */; };
/* End PBXBuildFile section */

/* Begin PBXContainerItemProxy section */
		717B4E0F18A28BD00069E770 /* PBXContainerItemProxy */ = {
			isa = PBXContainerItemProxy;
			containerPortal = 717B4DD818A28BD00069E770 /* Project object */;
			proxyType = 1;
			remoteGlobalIDString = 717B4DDF18A28BD00069E770;
			remoteInfo = Gradesnap;
		};
/* End PBXContainerItemProxy section */

/* Begin PBXFileReference section */
		7103547D18A3ECEB00AAAE7E /* GSPCourseViewController.h */ = {isa = PBXFileReference; fileEncoding = 4; lastKnownFileType = sourcecode.c.h; path = GSPCourseViewController.h; sourceTree = "<group>"; };
		7103547E18A3ECEB00AAAE7E /* GSPCourseViewController.m */ = {isa = PBXFileReference; fileEncoding = 4; lastKnownFileType = sourcecode.c.objc; path = GSPCourseViewController.m; sourceTree = "<group>"; };
		7103548018A3F9F800AAAE7E /* GSPStudentsViewController.h */ = {isa = PBXFileReference; fileEncoding = 4; lastKnownFileType = sourcecode.c.h; path = GSPStudentsViewController.h; sourceTree = "<group>"; };
		7103548118A3F9F800AAAE7E /* GSPStudentsViewController.m */ = {isa = PBXFileReference; fileEncoding = 4; lastKnownFileType = sourcecode.c.objc; path = GSPStudentsViewController.m; sourceTree = "<group>"; };
		7103548318A3FE6000AAAE7E /* GSPNewStudentViewController.h */ = {isa = PBXFileReference; fileEncoding = 4; lastKnownFileType = sourcecode.c.h; path = GSPNewStudentViewController.h; sourceTree = "<group>"; };
		7103548418A3FE6000AAAE7E /* GSPNewStudentViewController.m */ = {isa = PBXFileReference; fileEncoding = 4; lastKnownFileType = sourcecode.c.objc; path = GSPNewStudentViewController.m; sourceTree = "<group>"; };
		717B4DE018A28BD00069E770 /* Gradesnap.app */ = {isa = PBXFileReference; explicitFileType = wrapper.application; includeInIndex = 0; path = Gradesnap.app; sourceTree = BUILT_PRODUCTS_DIR; };
		717B4DE318A28BD00069E770 /* Foundation.framework */ = {isa = PBXFileReference; lastKnownFileType = wrapper.framework; name = Foundation.framework; path = System/Library/Frameworks/Foundation.framework; sourceTree = SDKROOT; };
		717B4DE518A28BD00069E770 /* CoreGraphics.framework */ = {isa = PBXFileReference; lastKnownFileType = wrapper.framework; name = CoreGraphics.framework; path = System/Library/Frameworks/CoreGraphics.framework; sourceTree = SDKROOT; };
		717B4DE718A28BD00069E770 /* UIKit.framework */ = {isa = PBXFileReference; lastKnownFileType = wrapper.framework; name = UIKit.framework; path = System/Library/Frameworks/UIKit.framework; sourceTree = SDKROOT; };
		717B4DE918A28BD00069E770 /* CoreData.framework */ = {isa = PBXFileReference; lastKnownFileType = wrapper.framework; name = CoreData.framework; path = System/Library/Frameworks/CoreData.framework; sourceTree = SDKROOT; };
		717B4DED18A28BD00069E770 /* Gradesnap-Info.plist */ = {isa = PBXFileReference; lastKnownFileType = text.plist.xml; path = "Gradesnap-Info.plist"; sourceTree = "<group>"; };
		717B4DEF18A28BD00069E770 /* en */ = {isa = PBXFileReference; lastKnownFileType = text.plist.strings; name = en; path = en.lproj/InfoPlist.strings; sourceTree = "<group>"; };
		717B4DF118A28BD00069E770 /* main.m */ = {isa = PBXFileReference; lastKnownFileType = sourcecode.c.objc; path = main.m; sourceTree = "<group>"; };
		717B4DF318A28BD00069E770 /* Gradesnap-Prefix.pch */ = {isa = PBXFileReference; lastKnownFileType = sourcecode.c.h; path = "Gradesnap-Prefix.pch"; sourceTree = "<group>"; };
		717B4DF418A28BD00069E770 /* GSPAppDelegate.h */ = {isa = PBXFileReference; lastKnownFileType = sourcecode.c.h; path = GSPAppDelegate.h; sourceTree = "<group>"; };
		717B4DF518A28BD00069E770 /* GSPAppDelegate.m */ = {isa = PBXFileReference; lastKnownFileType = sourcecode.c.objc; path = GSPAppDelegate.m; sourceTree = "<group>"; };
		717B4DF818A28BD00069E770 /* Base */ = {isa = PBXFileReference; lastKnownFileType = file.storyboard; name = Base; path = Base.lproj/Main.storyboard; sourceTree = "<group>"; };
		717B4DFB18A28BD00069E770 /* Gradesnap.xcdatamodel */ = {isa = PBXFileReference; lastKnownFileType = wrapper.xcdatamodel; path = Gradesnap.xcdatamodel; sourceTree = "<group>"; };
		717B4E0318A28BD00069E770 /* Images.xcassets */ = {isa = PBXFileReference; lastKnownFileType = folder.assetcatalog; path = Images.xcassets; sourceTree = "<group>"; };
		717B4E0918A28BD00069E770 /* GradesnapTests.xctest */ = {isa = PBXFileReference; explicitFileType = wrapper.cfbundle; includeInIndex = 0; path = GradesnapTests.xctest; sourceTree = BUILT_PRODUCTS_DIR; };
		717B4E0A18A28BD00069E770 /* XCTest.framework */ = {isa = PBXFileReference; lastKnownFileType = wrapper.framework; name = XCTest.framework; path = Library/Frameworks/XCTest.framework; sourceTree = DEVELOPER_DIR; };
		717B4E1318A28BD00069E770 /* GradesnapTests-Info.plist */ = {isa = PBXFileReference; lastKnownFileType = text.plist.xml; path = "GradesnapTests-Info.plist"; sourceTree = "<group>"; };
		717B4E1518A28BD00069E770 /* en */ = {isa = PBXFileReference; lastKnownFileType = text.plist.strings; name = en; path = en.lproj/InfoPlist.strings; sourceTree = "<group>"; };
		717B4E1718A28BD00069E770 /* GradesnapTests.m */ = {isa = PBXFileReference; lastKnownFileType = sourcecode.c.objc; path = GradesnapTests.m; sourceTree = "<group>"; };
		717B4E2118A298D30069E770 /* Course.h */ = {isa = PBXFileReference; fileEncoding = 4; lastKnownFileType = sourcecode.c.h; path = Course.h; sourceTree = "<group>"; };
		717B4E2218A298D30069E770 /* Course.m */ = {isa = PBXFileReference; fileEncoding = 4; lastKnownFileType = sourcecode.c.objc; path = Course.m; sourceTree = "<group>"; };
		717B4E2418A298E20069E770 /* Student.h */ = {isa = PBXFileReference; fileEncoding = 4; lastKnownFileType = sourcecode.c.h; path = Student.h; sourceTree = "<group>"; };
		717B4E2518A298E20069E770 /* Student.m */ = {isa = PBXFileReference; fileEncoding = 4; lastKnownFileType = sourcecode.c.objc; path = Student.m; sourceTree = "<group>"; };
		717B4E2718A2990F0069E770 /* Assignment.h */ = {isa = PBXFileReference; fileEncoding = 4; lastKnownFileType = sourcecode.c.h; path = Assignment.h; sourceTree = "<group>"; };
		717B4E2818A2990F0069E770 /* Assignment.m */ = {isa = PBXFileReference; fileEncoding = 4; lastKnownFileType = sourcecode.c.objc; path = Assignment.m; sourceTree = "<group>"; };
		717B4E2A18A299AD0069E770 /* AssignmentStudent.h */ = {isa = PBXFileReference; fileEncoding = 4; lastKnownFileType = sourcecode.c.h; path = AssignmentStudent.h; sourceTree = "<group>"; };
		717B4E2B18A299AD0069E770 /* AssignmentStudent.m */ = {isa = PBXFileReference; fileEncoding = 4; lastKnownFileType = sourcecode.c.objc; path = AssignmentStudent.m; sourceTree = "<group>"; };
		717B4E2D18A29B1C0069E770 /* GSPMasterViewController.h */ = {isa = PBXFileReference; fileEncoding = 4; lastKnownFileType = sourcecode.c.h; path = GSPMasterViewController.h; sourceTree = "<group>"; };
		717B4E2E18A29B1C0069E770 /* GSPMasterViewController.m */ = {isa = PBXFileReference; fileEncoding = 4; lastKnownFileType = sourcecode.c.objc; path = GSPMasterViewController.m; sourceTree = "<group>"; };
		717B4E3018A29E220069E770 /* GSPNewCourseViewController.h */ = {isa = PBXFileReference; fileEncoding = 4; lastKnownFileType = sourcecode.c.h; path = GSPNewCourseViewController.h; sourceTree = "<group>"; };
		717B4E3118A29E220069E770 /* GSPNewCourseViewController.m */ = {isa = PBXFileReference; fileEncoding = 4; lastKnownFileType = sourcecode.c.objc; path = GSPNewCourseViewController.m; sourceTree = "<group>"; };
/* End PBXFileReference section */

/* Begin PBXFrameworksBuildPhase section */
		717B4DDD18A28BD00069E770 /* Frameworks */ = {
			isa = PBXFrameworksBuildPhase;
			buildActionMask = 2147483647;
			files = (
				717B4DE618A28BD00069E770 /* CoreGraphics.framework in Frameworks */,
				717B4DEA18A28BD00069E770 /* CoreData.framework in Frameworks */,
				717B4DE818A28BD00069E770 /* UIKit.framework in Frameworks */,
				717B4DE418A28BD00069E770 /* Foundation.framework in Frameworks */,
			);
			runOnlyForDeploymentPostprocessing = 0;
		};
		717B4E0618A28BD00069E770 /* Frameworks */ = {
			isa = PBXFrameworksBuildPhase;
			buildActionMask = 2147483647;
			files = (
				717B4E0B18A28BD00069E770 /* XCTest.framework in Frameworks */,
				717B4E0E18A28BD00069E770 /* CoreData.framework in Frameworks */,
				717B4E0D18A28BD00069E770 /* UIKit.framework in Frameworks */,
				717B4E0C18A28BD00069E770 /* Foundation.framework in Frameworks */,
			);
			runOnlyForDeploymentPostprocessing = 0;
		};
/* End PBXFrameworksBuildPhase section */

/* Begin PBXGroup section */
		717B4DD718A28BD00069E770 = {
			isa = PBXGroup;
			children = (
				717B4DEB18A28BD00069E770 /* Gradesnap */,
				717B4E1118A28BD00069E770 /* GradesnapTests */,
				717B4DE218A28BD00069E770 /* Frameworks */,
				717B4DE118A28BD00069E770 /* Products */,
			);
			sourceTree = "<group>";
		};
		717B4DE118A28BD00069E770 /* Products */ = {
			isa = PBXGroup;
			children = (
				717B4DE018A28BD00069E770 /* Gradesnap.app */,
				717B4E0918A28BD00069E770 /* GradesnapTests.xctest */,
			);
			name = Products;
			sourceTree = "<group>";
		};
		717B4DE218A28BD00069E770 /* Frameworks */ = {
			isa = PBXGroup;
			children = (
				717B4DE318A28BD00069E770 /* Foundation.framework */,
				717B4DE518A28BD00069E770 /* CoreGraphics.framework */,
				717B4DE718A28BD00069E770 /* UIKit.framework */,
				717B4DE918A28BD00069E770 /* CoreData.framework */,
				717B4E0A18A28BD00069E770 /* XCTest.framework */,
			);
			name = Frameworks;
			sourceTree = "<group>";
		};
		717B4DEB18A28BD00069E770 /* Gradesnap */ = {
			isa = PBXGroup;
			children = (
				717B4DF418A28BD00069E770 /* GSPAppDelegate.h */,
				717B4DF518A28BD00069E770 /* GSPAppDelegate.m */,
				717B4DF718A28BD00069E770 /* Main.storyboard */,
				717B4E3018A29E220069E770 /* GSPNewCourseViewController.h */,
				717B4E3118A29E220069E770 /* GSPNewCourseViewController.m */,
				717B4E2D18A29B1C0069E770 /* GSPMasterViewController.h */,
				717B4E2E18A29B1C0069E770 /* GSPMasterViewController.m */,
				717B4E0318A28BD00069E770 /* Images.xcassets */,
				717B4DFA18A28BD00069E770 /* Gradesnap.xcdatamodeld */,
				717B4E2A18A299AD0069E770 /* AssignmentStudent.h */,
				717B4E2B18A299AD0069E770 /* AssignmentStudent.m */,
				717B4E2718A2990F0069E770 /* Assignment.h */,
				717B4E2818A2990F0069E770 /* Assignment.m */,
				717B4E2418A298E20069E770 /* Student.h */,
				717B4E2518A298E20069E770 /* Student.m */,
				717B4E2118A298D30069E770 /* Course.h */,
				717B4E2218A298D30069E770 /* Course.m */,
				717B4DEC18A28BD00069E770 /* Supporting Files */,
				7103547D18A3ECEB00AAAE7E /* GSPCourseViewController.h */,
				7103547E18A3ECEB00AAAE7E /* GSPCourseViewController.m */,
				7103548018A3F9F800AAAE7E /* GSPStudentsViewController.h */,
				7103548118A3F9F800AAAE7E /* GSPStudentsViewController.m */,
				7103548318A3FE6000AAAE7E /* GSPNewStudentViewController.h */,
				7103548418A3FE6000AAAE7E /* GSPNewStudentViewController.m */,
			);
			path = Gradesnap;
			sourceTree = "<group>";
		};
		717B4DEC18A28BD00069E770 /* Supporting Files */ = {
			isa = PBXGroup;
			children = (
				717B4DED18A28BD00069E770 /* Gradesnap-Info.plist */,
				717B4DEE18A28BD00069E770 /* InfoPlist.strings */,
				717B4DF118A28BD00069E770 /* main.m */,
				717B4DF318A28BD00069E770 /* Gradesnap-Prefix.pch */,
			);
			name = "Supporting Files";
			sourceTree = "<group>";
		};
		717B4E1118A28BD00069E770 /* GradesnapTests */ = {
			isa = PBXGroup;
			children = (
				717B4E1718A28BD00069E770 /* GradesnapTests.m */,
				717B4E1218A28BD00069E770 /* Supporting Files */,
			);
			path = GradesnapTests;
			sourceTree = "<group>";
		};
		717B4E1218A28BD00069E770 /* Supporting Files */ = {
			isa = PBXGroup;
			children = (
				717B4E1318A28BD00069E770 /* GradesnapTests-Info.plist */,
				717B4E1418A28BD00069E770 /* InfoPlist.strings */,
			);
			name = "Supporting Files";
			sourceTree = "<group>";
		};
/* End PBXGroup section */

/* Begin PBXNativeTarget section */
		717B4DDF18A28BD00069E770 /* Gradesnap */ = {
			isa = PBXNativeTarget;
			buildConfigurationList = 717B4E1B18A28BD00069E770 /* Build configuration list for PBXNativeTarget "Gradesnap" */;
			buildPhases = (
				717B4DDC18A28BD00069E770 /* Sources */,
				717B4DDD18A28BD00069E770 /* Frameworks */,
				717B4DDE18A28BD00069E770 /* Resources */,
			);
			buildRules = (
			);
			dependencies = (
			);
			name = Gradesnap;
			productName = Gradesnap;
			productReference = 717B4DE018A28BD00069E770 /* Gradesnap.app */;
			productType = "com.apple.product-type.application";
		};
		717B4E0818A28BD00069E770 /* GradesnapTests */ = {
			isa = PBXNativeTarget;
			buildConfigurationList = 717B4E1E18A28BD00069E770 /* Build configuration list for PBXNativeTarget "GradesnapTests" */;
			buildPhases = (
				717B4E0518A28BD00069E770 /* Sources */,
				717B4E0618A28BD00069E770 /* Frameworks */,
				717B4E0718A28BD00069E770 /* Resources */,
			);
			buildRules = (
			);
			dependencies = (
				717B4E1018A28BD00069E770 /* PBXTargetDependency */,
			);
			name = GradesnapTests;
			productName = GradesnapTests;
			productReference = 717B4E0918A28BD00069E770 /* GradesnapTests.xctest */;
			productType = "com.apple.product-type.bundle.unit-test";
		};
/* End PBXNativeTarget section */

/* Begin PBXProject section */
		717B4DD818A28BD00069E770 /* Project object */ = {
			isa = PBXProject;
			attributes = {
				CLASSPREFIX = GSP;
				LastUpgradeCheck = 0500;
				ORGANIZATIONNAME = Gradesnap;
				TargetAttributes = {
					717B4E0818A28BD00069E770 = {
						TestTargetID = 717B4DDF18A28BD00069E770;
					};
				};
			};
			buildConfigurationList = 717B4DDB18A28BD00069E770 /* Build configuration list for PBXProject "Gradesnap" */;
			compatibilityVersion = "Xcode 3.2";
			developmentRegion = English;
			hasScannedForEncodings = 0;
			knownRegions = (
				en,
				Base,
			);
			mainGroup = 717B4DD718A28BD00069E770;
			productRefGroup = 717B4DE118A28BD00069E770 /* Products */;
			projectDirPath = "";
			projectRoot = "";
			targets = (
				717B4DDF18A28BD00069E770 /* Gradesnap */,
				717B4E0818A28BD00069E770 /* GradesnapTests */,
			);
		};
/* End PBXProject section */

/* Begin PBXResourcesBuildPhase section */
		717B4DDE18A28BD00069E770 /* Resources */ = {
			isa = PBXResourcesBuildPhase;
			buildActionMask = 2147483647;
			files = (
				717B4E0418A28BD00069E770 /* Images.xcassets in Resources */,
				717B4DF018A28BD00069E770 /* InfoPlist.strings in Resources */,
				717B4DF918A28BD00069E770 /* Main.storyboard in Resources */,
			);
			runOnlyForDeploymentPostprocessing = 0;
		};
		717B4E0718A28BD00069E770 /* Resources */ = {
			isa = PBXResourcesBuildPhase;
			buildActionMask = 2147483647;
			files = (
				717B4E1618A28BD00069E770 /* InfoPlist.strings in Resources */,
			);
			runOnlyForDeploymentPostprocessing = 0;
		};
/* End PBXResourcesBuildPhase section */

/* Begin PBXSourcesBuildPhase section */
		717B4DDC18A28BD00069E770 /* Sources */ = {
			isa = PBXSourcesBuildPhase;
			buildActionMask = 2147483647;
			files = (
				7103548218A3F9F800AAAE7E /* GSPStudentsViewController.m in Sources */,
				717B4E2C18A299AD0069E770 /* AssignmentStudent.m in Sources */,
				7103548518A3FE6000AAAE7E /* GSPNewStudentViewController.m in Sources */,
				717B4E2F18A29B1C0069E770 /* GSPMasterViewController.m in Sources */,
				717B4E2318A298D30069E770 /* Course.m in Sources */,
				717B4E3218A29E220069E770 /* GSPNewCourseViewController.m in Sources */,
				717B4DF218A28BD00069E770 /* main.m in Sources */,
				717B4E2618A298E20069E770 /* Student.m in Sources */,
				7103547F18A3ECEB00AAAE7E /* GSPCourseViewController.m in Sources */,
				717B4DFC18A28BD00069E770 /* Gradesnap.xcdatamodeld in Sources */,
				717B4E2918A2990F0069E770 /* Assignment.m in Sources */,
				717B4DF618A28BD00069E770 /* GSPAppDelegate.m in Sources */,
			);
			runOnlyForDeploymentPostprocessing = 0;
		};
		717B4E0518A28BD00069E770 /* Sources */ = {
			isa = PBXSourcesBuildPhase;
			buildActionMask = 2147483647;
			files = (
				717B4E1818A28BD00069E770 /* GradesnapTests.m in Sources */,
			);
			runOnlyForDeploymentPostprocessing = 0;
		};
/* End PBXSourcesBuildPhase section */

/* Begin PBXTargetDependency section */
		717B4E1018A28BD00069E770 /* PBXTargetDependency */ = {
			isa = PBXTargetDependency;
			target = 717B4DDF18A28BD00069E770 /* Gradesnap */;
			targetProxy = 717B4E0F18A28BD00069E770 /* PBXContainerItemProxy */;
		};
/* End PBXTargetDependency section */

/* Begin PBXVariantGroup section */
		717B4DEE18A28BD00069E770 /* InfoPlist.strings */ = {
			isa = PBXVariantGroup;
			children = (
				717B4DEF18A28BD00069E770 /* en */,
			);
			name = InfoPlist.strings;
			sourceTree = "<group>";
		};
		717B4DF718A28BD00069E770 /* Main.storyboard */ = {
			isa = PBXVariantGroup;
			children = (
				717B4DF818A28BD00069E770 /* Base */,
			);
			name = Main.storyboard;
			sourceTree = "<group>";
		};
		717B4E1418A28BD00069E770 /* InfoPlist.strings */ = {
			isa = PBXVariantGroup;
			children = (
				717B4E1518A28BD00069E770 /* en */,
			);
			name = InfoPlist.strings;
			sourceTree = "<group>";
		};
/* End PBXVariantGroup section */

/* Begin XCBuildConfiguration section */
		717B4E1918A28BD00069E770 /* Debug */ = {
			isa = XCBuildConfiguration;
			buildSettings = {
				ALWAYS_SEARCH_USER_PATHS = NO;
				ARCHS = "$(ARCHS_STANDARD_INCLUDING_64_BIT)";
				CLANG_CXX_LANGUAGE_STANDARD = "gnu++0x";
				CLANG_CXX_LIBRARY = "libc++";
				CLANG_ENABLE_MODULES = YES;
				CLANG_ENABLE_OBJC_ARC = YES;
				CLANG_WARN_BOOL_CONVERSION = YES;
				CLANG_WARN_CONSTANT_CONVERSION = YES;
				CLANG_WARN_DIRECT_OBJC_ISA_USAGE = YES_ERROR;
				CLANG_WARN_EMPTY_BODY = YES;
				CLANG_WARN_ENUM_CONVERSION = YES;
				CLANG_WARN_INT_CONVERSION = YES;
				CLANG_WARN_OBJC_ROOT_CLASS = YES_ERROR;
				CLANG_WARN__DUPLICATE_METHOD_MATCH = YES;
				"CODE_SIGN_IDENTITY[sdk=iphoneos*]" = "iPhone Developer";
				COPY_PHASE_STRIP = NO;
				GCC_C_LANGUAGE_STANDARD = gnu99;
				GCC_DYNAMIC_NO_PIC = NO;
				GCC_OPTIMIZATION_LEVEL = 0;
				GCC_PREPROCESSOR_DEFINITIONS = (
					"DEBUG=1",
					"$(inherited)",
				);
				GCC_SYMBOLS_PRIVATE_EXTERN = NO;
				GCC_WARN_64_TO_32_BIT_CONVERSION = YES;
				GCC_WARN_ABOUT_RETURN_TYPE = YES_ERROR;
				GCC_WARN_UNDECLARED_SELECTOR = YES;
				GCC_WARN_UNINITIALIZED_AUTOS = YES;
				GCC_WARN_UNUSED_FUNCTION = YES;
				GCC_WARN_UNUSED_VARIABLE = YES;
				IPHONEOS_DEPLOYMENT_TARGET = 7.0;
				ONLY_ACTIVE_ARCH = YES;
				SDKROOT = iphoneos;
			};
			name = Debug;
		};
		717B4E1A18A28BD00069E770 /* Release */ = {
			isa = XCBuildConfiguration;
			buildSettings = {
				ALWAYS_SEARCH_USER_PATHS = NO;
				ARCHS = "$(ARCHS_STANDARD_INCLUDING_64_BIT)";
				CLANG_CXX_LANGUAGE_STANDARD = "gnu++0x";
				CLANG_CXX_LIBRARY = "libc++";
				CLANG_ENABLE_MODULES = YES;
				CLANG_ENABLE_OBJC_ARC = YES;
				CLANG_WARN_BOOL_CONVERSION = YES;
				CLANG_WARN_CONSTANT_CONVERSION = YES;
				CLANG_WARN_DIRECT_OBJC_ISA_USAGE = YES_ERROR;
				CLANG_WARN_EMPTY_BODY = YES;
				CLANG_WARN_ENUM_CONVERSION = YES;
				CLANG_WARN_INT_CONVERSION = YES;
				CLANG_WARN_OBJC_ROOT_CLASS = YES_ERROR;
				CLANG_WARN__DUPLICATE_METHOD_MATCH = YES;
				"CODE_SIGN_IDENTITY[sdk=iphoneos*]" = "iPhone Developer";
				COPY_PHASE_STRIP = YES;
				ENABLE_NS_ASSERTIONS = NO;
				GCC_C_LANGUAGE_STANDARD = gnu99;
				GCC_WARN_64_TO_32_BIT_CONVERSION = YES;
				GCC_WARN_ABOUT_RETURN_TYPE = YES_ERROR;
				GCC_WARN_UNDECLARED_SELECTOR = YES;
				GCC_WARN_UNINITIALIZED_AUTOS = YES;
				GCC_WARN_UNUSED_FUNCTION = YES;
				GCC_WARN_UNUSED_VARIABLE = YES;
				IPHONEOS_DEPLOYMENT_TARGET = 7.0;
				SDKROOT = iphoneos;
				VALIDATE_PRODUCT = YES;
			};
			name = Release;
		};
		717B4E1C18A28BD00069E770 /* Debug */ = {
			isa = XCBuildConfiguration;
			buildSettings = {
				ASSETCATALOG_COMPILER_APPICON_NAME = AppIcon;
				ASSETCATALOG_COMPILER_LAUNCHIMAGE_NAME = LaunchImage;
				GCC_PRECOMPILE_PREFIX_HEADER = YES;
				GCC_PREFIX_HEADER = "Gradesnap/Gradesnap-Prefix.pch";
				INFOPLIST_FILE = "Gradesnap/Gradesnap-Info.plist";
				PRODUCT_NAME = "$(TARGET_NAME)";
				WRAPPER_EXTENSION = app;
			};
			name = Debug;
		};
		717B4E1D18A28BD00069E770 /* Release */ = {
			isa = XCBuildConfiguration;
			buildSettings = {
				ASSETCATALOG_COMPILER_APPICON_NAME = AppIcon;
				ASSETCATALOG_COMPILER_LAUNCHIMAGE_NAME = LaunchImage;
				GCC_PRECOMPILE_PREFIX_HEADER = YES;
				GCC_PREFIX_HEADER = "Gradesnap/Gradesnap-Prefix.pch";
				INFOPLIST_FILE = "Gradesnap/Gradesnap-Info.plist";
				PRODUCT_NAME = "$(TARGET_NAME)";
				WRAPPER_EXTENSION = app;
			};
			name = Release;
		};
		717B4E1F18A28BD00069E770 /* Debug */ = {
			isa = XCBuildConfiguration;
			buildSettings = {
				ARCHS = "$(ARCHS_STANDARD_INCLUDING_64_BIT)";
				BUNDLE_LOADER = "$(BUILT_PRODUCTS_DIR)/Gradesnap.app/Gradesnap";
				FRAMEWORK_SEARCH_PATHS = (
					"$(SDKROOT)/Developer/Library/Frameworks",
					"$(inherited)",
					"$(DEVELOPER_FRAMEWORKS_DIR)",
				);
				GCC_PRECOMPILE_PREFIX_HEADER = YES;
				GCC_PREFIX_HEADER = "Gradesnap/Gradesnap-Prefix.pch";
				GCC_PREPROCESSOR_DEFINITIONS = (
					"DEBUG=1",
					"$(inherited)",
				);
				INFOPLIST_FILE = "GradesnapTests/GradesnapTests-Info.plist";
				PRODUCT_NAME = "$(TARGET_NAME)";
				TEST_HOST = "$(BUNDLE_LOADER)";
				WRAPPER_EXTENSION = xctest;
			};
			name = Debug;
		};
		717B4E2018A28BD00069E770 /* Release */ = {
			isa = XCBuildConfiguration;
			buildSettings = {
				ARCHS = "$(ARCHS_STANDARD_INCLUDING_64_BIT)";
				BUNDLE_LOADER = "$(BUILT_PRODUCTS_DIR)/Gradesnap.app/Gradesnap";
				FRAMEWORK_SEARCH_PATHS = (
					"$(SDKROOT)/Developer/Library/Frameworks",
					"$(inherited)",
					"$(DEVELOPER_FRAMEWORKS_DIR)",
				);
				GCC_PRECOMPILE_PREFIX_HEADER = YES;
				GCC_PREFIX_HEADER = "Gradesnap/Gradesnap-Prefix.pch";
				INFOPLIST_FILE = "GradesnapTests/GradesnapTests-Info.plist";
				PRODUCT_NAME = "$(TARGET_NAME)";
				TEST_HOST = "$(BUNDLE_LOADER)";
				WRAPPER_EXTENSION = xctest;
			};
			name = Release;
		};
/* End XCBuildConfiguration section */

/* Begin XCConfigurationList section */
		717B4DDB18A28BD00069E770 /* Build configuration list for PBXProject "Gradesnap" */ = {
			isa = XCConfigurationList;
			buildConfigurations = (
				717B4E1918A28BD00069E770 /* Debug */,
				717B4E1A18A28BD00069E770 /* Release */,
			);
			defaultConfigurationIsVisible = 0;
			defaultConfigurationName = Release;
		};
		717B4E1B18A28BD00069E770 /* Build configuration list for PBXNativeTarget "Gradesnap" */ = {
			isa = XCConfigurationList;
			buildConfigurations = (
				717B4E1C18A28BD00069E770 /* Debug */,
				717B4E1D18A28BD00069E770 /* Release */,
			);
			defaultConfigurationIsVisible = 0;
			defaultConfigurationName = Release;
		};
		717B4E1E18A28BD00069E770 /* Build configuration list for PBXNativeTarget "GradesnapTests" */ = {
			isa = XCConfigurationList;
			buildConfigurations = (
				717B4E1F18A28BD00069E770 /* Debug */,
				717B4E2018A28BD00069E770 /* Release */,
			);
			defaultConfigurationIsVisible = 0;
			defaultConfigurationName = Release;
		};
/* End XCConfigurationList section */

/* Begin XCVersionGroup section */
		717B4DFA18A28BD00069E770 /* Gradesnap.xcdatamodeld */ = {
			isa = XCVersionGroup;
			children = (
				717B4DFB18A28BD00069E770 /* Gradesnap.xcdatamodel */,
			);
			currentVersion = 717B4DFB18A28BD00069E770 /* Gradesnap.xcdatamodel */;
			path = Gradesnap.xcdatamodeld;
			sourceTree = "<group>";
			versionGroupType = wrapper.xcdatamodel;
		};
/* End XCVersionGroup section */
	};
	rootObject = 717B4DD818A28BD00069E770 /* Project object */;
}
